
Microsoft Visual Studio Solution File, Format Version 12.00
# Visual Studio Version 16
VisualStudioVersion = 16.0.34601.136
MinimumVisualStudioVersion = 10.0.40219.1
Project("{FAE04EC0-301F-11D3-BF4B-00C04F79EFBC}") = "equal_or_not", "HandsOn_Works\equal_or_not.csproj", "{2FEC671A-B151-4899-B36C-F9500E78D55E}"
EndProject
Project("{FAE04EC0-301F-11D3-BF4B-00C04F79EFBC}") = "positive_or_negative", "positive_or_negative\positive_or_negative.csproj", "{2A4E9168-4AA3-4956-B9A3-BBF0593EA731}"
EndProject
Project("{FAE04EC0-301F-11D3-BF4B-00C04F79EFBC}") = "Operator_Calculator", "Operator_Calculator\Operator_Calculator.csproj", "{0B2EF7C9-F741-4ADD-86EF-25493B9891DB}"
EndProject
Project("{FAE04EC0-301F-11D3-BF4B-00C04F79EFBC}") = "multiplication_table", "multiplication_table\multiplication_table.csproj", "{F3063666-ACF8-4F05-9FC2-A91C4A4CC75B}"
EndProject
Project("{FAE04EC0-301F-11D3-BF4B-00C04F79EFBC}") = "Sum _of_Two_num_5", "Sum _of_Two_num_5\Sum _of_Two_num_5.csproj", "{DE8EAF1C-38E9-433C-B66F-AECEDA7912A8}"
EndProject
Project("{FAE04EC0-301F-11D3-BF4B-00C04F79EFBC}") = "Days_as_Word", "Days_as_Word\Days_as_Word.csproj", "{2D090238-2CB6-48F7-9CDB-CA3B8969A991}"
EndProject
Project("{FAE04EC0-301F-11D3-BF4B-00C04F79EFBC}") = "Arrays_1", "Arrays_1\Arrays_1.csproj", "{39BD91C4-8FFC-496F-842A-8D7A2254BF79}"
EndProject
Project("{FAE04EC0-301F-11D3-BF4B-00C04F79EFBC}") = "Arrays_2", "Arrays_2\Arrays_2.csproj", "{C7D2962E-5F9B-4B83-859D-F4CCCD8002CD}"
EndProject
Project("{FAE04EC0-301F-11D3-BF4B-00C04F79EFBC}") = "Array_3", "Array_3\Array_3.csproj", "{50189CEF-CFF1-4DC9-B388-B5296EBF6ADC}"
EndProject
Project("{FAE04EC0-301F-11D3-BF4B-00C04F79EFBC}") = "Strings", "Strings\Strings.csproj", "{A2807B7F-8C24-4F96-88F7-A4DD7EF1243B}"
EndProject
Global
	GlobalSection(SolutionConfigurationPlatforms) = preSolution
		Debug|Any CPU = Debug|Any CPU
		Release|Any CPU = Release|Any CPU
	EndGlobalSection
	GlobalSection(ProjectConfigurationPlatforms) = postSolution
		{2FEC671A-B151-4899-B36C-F9500E78D55E}.Debug|Any CPU.ActiveCfg = Debug|Any CPU
		{2FEC671A-B151-4899-B36C-F9500E78D55E}.Debug|Any CPU.Build.0 = Debug|Any CPU
		{2FEC671A-B151-4899-B36C-F9500E78D55E}.Release|Any CPU.ActiveCfg = Release|Any CPU
		{2FEC671A-B151-4899-B36C-F9500E78D55E}.Release|Any CPU.Build.0 = Release|Any CPU
		{2A4E9168-4AA3-4956-B9A3-BBF0593EA731}.Debug|Any CPU.ActiveCfg = Debug|Any CPU
		{2A4E9168-4AA3-4956-B9A3-BBF0593EA731}.Debug|Any CPU.Build.0 = Debug|Any CPU
		{2A4E9168-4AA3-4956-B9A3-BBF0593EA731}.Release|Any CPU.ActiveCfg = Release|Any CPU
		{2A4E9168-4AA3-4956-B9A3-BBF0593EA731}.Release|Any CPU.Build.0 = Release|Any CPU
		{0B2EF7C9-F741-4ADD-86EF-25493B9891DB}.Debug|Any CPU.ActiveCfg = Debug|Any CPU
		{0B2EF7C9-F741-4ADD-86EF-25493B9891DB}.Debug|Any CPU.Build.0 = Debug|Any CPU
		{0B2EF7C9-F741-4ADD-86EF-25493B9891DB}.Release|Any CPU.ActiveCfg = Release|Any CPU
		{0B2EF7C9-F741-4ADD-86EF-25493B9891DB}.Release|Any CPU.Build.0 = Release|Any CPU
		{F3063666-ACF8-4F05-9FC2-A91C4A4CC75B}.Debug|Any CPU.ActiveCfg = Debug|Any CPU
		{F3063666-ACF8-4F05-9FC2-A91C4A4CC75B}.Debug|Any CPU.Build.0 = Debug|Any CPU
		{F3063666-ACF8-4F05-9FC2-A91C4A4CC75B}.Release|Any CPU.ActiveCfg = Release|Any CPU
		{F3063666-ACF8-4F05-9FC2-A91C4A4CC75B}.Release|Any CPU.Build.0 = Release|Any CPU
		{DE8EAF1C-38E9-433C-B66F-AECEDA7912A8}.Debug|Any CPU.ActiveCfg = Debug|Any CPU
		{DE8EAF1C-38E9-433C-B66F-AECEDA7912A8}.Debug|Any CPU.Build.0 = Debug|Any CPU
		{DE8EAF1C-38E9-433C-B66F-AECEDA7912A8}.Release|Any CPU.ActiveCfg = Release|Any CPU
		{DE8EAF1C-38E9-433C-B66F-AECEDA7912A8}.Release|Any CPU.Build.0 = Release|Any CPU
		{2D090238-2CB6-48F7-9CDB-CA3B8969A991}.Debug|Any CPU.ActiveCfg = Debug|Any CPU
		{2D090238-2CB6-48F7-9CDB-CA3B8969A991}.Debug|Any CPU.Build.0 = Debug|Any CPU
		{2D090238-2CB6-48F7-9CDB-CA3B8969A991}.Release|Any CPU.ActiveCfg = Release|Any CPU
		{2D090238-2CB6-48F7-9CDB-CA3B8969A991}.Release|Any CPU.Build.0 = Release|Any CPU
		{39BD91C4-8FFC-496F-842A-8D7A2254BF79}.Debug|Any CPU.ActiveCfg = Debug|Any CPU
		{39BD91C4-8FFC-496F-842A-8D7A2254BF79}.Debug|Any CPU.Build.0 = Debug|Any CPU
		{39BD91C4-8FFC-496F-842A-8D7A2254BF79}.Release|Any CPU.ActiveCfg = Release|Any CPU
		{39BD91C4-8FFC-496F-842A-8D7A2254BF79}.Release|Any CPU.Build.0 = Release|Any CPU
		{C7D2962E-5F9B-4B83-859D-F4CCCD8002CD}.Debug|Any CPU.ActiveCfg = Debug|Any CPU
		{C7D2962E-5F9B-4B83-859D-F4CCCD8002CD}.Debug|Any CPU.Build.0 = Debug|Any CPU
		{C7D2962E-5F9B-4B83-859D-F4CCCD8002CD}.Release|Any CPU.ActiveCfg = Release|Any CPU
		{C7D2962E-5F9B-4B83-859D-F4CCCD8002CD}.Release|Any CPU.Build.0 = Release|Any CPU
		{50189CEF-CFF1-4DC9-B388-B5296EBF6ADC}.Debug|Any CPU.ActiveCfg = Debug|Any CPU
		{50189CEF-CFF1-4DC9-B388-B5296EBF6ADC}.Debug|Any CPU.Build.0 = Debug|Any CPU
		{50189CEF-CFF1-4DC9-B388-B5296EBF6ADC}.Release|Any CPU.ActiveCfg = Release|Any CPU
		{50189CEF-CFF1-4DC9-B388-B5296EBF6ADC}.Release|Any CPU.Build.0 = Release|Any CPU
		{A2807B7F-8C24-4F96-88F7-A4DD7EF1243B}.Debug|Any CPU.ActiveCfg = Debug|Any CPU
		{A2807B7F-8C24-4F96-88F7-A4DD7EF1243B}.Debug|Any CPU.Build.0 = Debug|Any CPU
		{A2807B7F-8C24-4F96-88F7-A4DD7EF1243B}.Release|Any CPU.ActiveCfg = Release|Any CPU
		{A2807B7F-8C24-4F96-88F7-A4DD7EF1243B}.Release|Any CPU.Build.0 = Release|Any CPU
	EndGlobalSection
	GlobalSection(SolutionProperties) = preSolution
		HideSolutionNode = FALSE
	EndGlobalSection
	GlobalSection(ExtensibilityGlobals) = postSolution
		SolutionGuid = {A0304DDF-D601-41AF-A71A-E755367F3373}
	EndGlobalSection
EndGlobal
