
Microsoft Visual Studio Solution File, Format Version 12.00
# Visual Studio Version 16
VisualStudioVersion = 16.0.34601.136
MinimumVisualStudioVersion = 10.0.40219.1
Project("{FAE04EC0-301F-11D3-BF4B-00C04F79EFBC}") = "Day2", "Day2\Day2.csproj", "{2FE2930B-8E75-4E04-A38E-23CF3865246D}"
EndProject
Project("{FAE04EC0-301F-11D3-BF4B-00C04F79EFBC}") = "ArrayDimensional", "ArrayDimensional\ArrayDimensional.csproj", "{A06431DD-DF0A-4BEA-99FE-08B149CD3C44}"
EndProject
Project("{FAE04EC0-301F-11D3-BF4B-00C04F79EFBC}") = "loops", "loops\loops.csproj", "{C90DA4AC-CA9D-4AE5-9185-56FC5EFB758F}"
EndProject
Global
	GlobalSection(SolutionConfigurationPlatforms) = preSolution
		Debug|Any CPU = Debug|Any CPU
		Release|Any CPU = Release|Any CPU
	EndGlobalSection
	GlobalSection(ProjectConfigurationPlatforms) = postSolution
		{2FE2930B-8E75-4E04-A38E-23CF3865246D}.Debug|Any CPU.ActiveCfg = Debug|Any CPU
		{2FE2930B-8E75-4E04-A38E-23CF3865246D}.Debug|Any CPU.Build.0 = Debug|Any CPU
		{2FE2930B-8E75-4E04-A38E-23CF3865246D}.Release|Any CPU.ActiveCfg = Release|Any CPU
		{2FE2930B-8E75-4E04-A38E-23CF3865246D}.Release|Any CPU.Build.0 = Release|Any CPU
		{A06431DD-DF0A-4BEA-99FE-08B149CD3C44}.Debug|Any CPU.ActiveCfg = Debug|Any CPU
		{A06431DD-DF0A-4BEA-99FE-08B149CD3C44}.Debug|Any CPU.Build.0 = Debug|Any CPU
		{A06431DD-DF0A-4BEA-99FE-08B149CD3C44}.Release|Any CPU.ActiveCfg = Release|Any CPU
		{A06431DD-DF0A-4BEA-99FE-08B149CD3C44}.Release|Any CPU.Build.0 = Release|Any CPU
		{C90DA4AC-CA9D-4AE5-9185-56FC5EFB758F}.Debug|Any CPU.ActiveCfg = Debug|Any CPU
		{C90DA4AC-CA9D-4AE5-9185-56FC5EFB758F}.Debug|Any CPU.Build.0 = Debug|Any CPU
		{C90DA4AC-CA9D-4AE5-9185-56FC5EFB758F}.Release|Any CPU.ActiveCfg = Release|Any CPU
		{C90DA4AC-CA9D-4AE5-9185-56FC5EFB758F}.Release|Any CPU.Build.0 = Release|Any CPU
	EndGlobalSection
	GlobalSection(SolutionProperties) = preSolution
		HideSolutionNode = FALSE
	EndGlobalSection
	GlobalSection(ExtensibilityGlobals) = postSolution
		SolutionGuid = {5D1AAD81-82BE-48D7-8ECC-EA6501A1B746}
	EndGlobalSection
EndGlobal
