
Microsoft Visual Studio Solution File, Format Version 12.00
# Visual Studio Version 16
VisualStudioVersion = 16.0.34601.136
MinimumVisualStudioVersion = 10.0.40219.1
Project("{FAE04EC0-301F-11D3-BF4B-00C04F79EFBC}") = "FirstConsoleApp1", "FirstConsoleApp1\FirstConsoleApp1.csproj", "{B0908ACD-5449-4FD4-AA1C-83EE1E847A15}"
EndProject
Global
	GlobalSection(SolutionConfigurationPlatforms) = preSolution
		Debug|Any CPU = Debug|Any CPU
		Release|Any CPU = Release|Any CPU
	EndGlobalSection
	GlobalSection(ProjectConfigurationPlatforms) = postSolution
		{B0908ACD-5449-4FD4-AA1C-83EE1E847A15}.Debug|Any CPU.ActiveCfg = Debug|Any CPU
		{B0908ACD-5449-4FD4-AA1C-83EE1E847A15}.Debug|Any CPU.Build.0 = Debug|Any CPU
		{B0908ACD-5449-4FD4-AA1C-83EE1E847A15}.Release|Any CPU.ActiveCfg = Release|Any CPU
		{B0908ACD-5449-4FD4-AA1C-83EE1E847A15}.Release|Any CPU.Build.0 = Release|Any CPU
	EndGlobalSection
	GlobalSection(SolutionProperties) = preSolution
		HideSolutionNode = FALSE
	EndGlobalSection
	GlobalSection(ExtensibilityGlobals) = postSolution
		SolutionGuid = {117778AF-49F1-46A3-BC6E-2BF06BE94E77}
	EndGlobalSection
EndGlobal
